
Microsoft Visual Studio Solution File, Format Version 12.00
# Visual Studio Version 16
VisualStudioVersion = 16.0.31019.35
MinimumVisualStudioVersion = 10.0.40219.1
Project("{FAE04EC0-301F-11D3-BF4B-00C04F79EFBC}") = "GTLauncher", "GTLauncher\GTLauncher.csproj", "{ED6A91D6-066A-4033-9558-A8AFF44745F0}"
EndProject
Project("{FAE04EC0-301F-11D3-BF4B-00C04F79EFBC}") = "GTControl", "GTControl\GTControl.csproj", "{35B70DBA-E58C-4DCF-B0CD-ADDC0AAB15FE}"
EndProject
Project("{FAE04EC0-301F-11D3-BF4B-00C04F79EFBC}") = "GTCapture", "GTCapture\GTCapture.csproj", "{B47C9B70-2295-428B-A006-E3AA9C08D8FD}"
EndProject
Project("{FAE04EC0-301F-11D3-BF4B-00C04F79EFBC}") = "GTUtil", "GTUtil\GTUtil.csproj", "{3E47B9D4-EA18-4F1B-9EEF-F586BB1A1F0D}"
EndProject
Project("{FAE04EC0-301F-11D3-BF4B-00C04F79EFBC}") = "GoodbyeDPI", "GoodbyeDPI\GoodbyeDPI.csproj", "{9C758FF2-1514-4250-BEBC-7A37CA20E8D9}"
EndProject
Project("{FAE04EC0-301F-11D3-BF4B-00C04F79EFBC}") = "GTLocalization", "GTLocalization\GTLocalization.csproj", "{B533B775-1A38-4761-93B2-A50B49B0FBE2}"
EndProject
Project("{FAE04EC0-301F-11D3-BF4B-00C04F79EFBC}") = "GTAutoUpdate", "GTAutoUpdate\GTAutoUpdate.csproj", "{2C8C59F8-BC05-429D-9B0A-99F0E9E6F90D}"
EndProject
Global
	GlobalSection(SolutionConfigurationPlatforms) = preSolution
		Debug|Any CPU = Debug|Any CPU
		Release|Any CPU = Release|Any CPU
	EndGlobalSection
	GlobalSection(ProjectConfigurationPlatforms) = postSolution
		{ED6A91D6-066A-4033-9558-A8AFF44745F0}.Debug|Any CPU.ActiveCfg = Debug|Any CPU
		{ED6A91D6-066A-4033-9558-A8AFF44745F0}.Debug|Any CPU.Build.0 = Debug|Any CPU
		{ED6A91D6-066A-4033-9558-A8AFF44745F0}.Release|Any CPU.ActiveCfg = Release|Any CPU
		{ED6A91D6-066A-4033-9558-A8AFF44745F0}.Release|Any CPU.Build.0 = Release|Any CPU
		{35B70DBA-E58C-4DCF-B0CD-ADDC0AAB15FE}.Debug|Any CPU.ActiveCfg = Debug|Any CPU
		{35B70DBA-E58C-4DCF-B0CD-ADDC0AAB15FE}.Debug|Any CPU.Build.0 = Debug|Any CPU
		{35B70DBA-E58C-4DCF-B0CD-ADDC0AAB15FE}.Release|Any CPU.ActiveCfg = Release|Any CPU
		{35B70DBA-E58C-4DCF-B0CD-ADDC0AAB15FE}.Release|Any CPU.Build.0 = Release|Any CPU
		{B47C9B70-2295-428B-A006-E3AA9C08D8FD}.Debug|Any CPU.ActiveCfg = Debug|Any CPU
		{B47C9B70-2295-428B-A006-E3AA9C08D8FD}.Debug|Any CPU.Build.0 = Debug|Any CPU
		{B47C9B70-2295-428B-A006-E3AA9C08D8FD}.Release|Any CPU.ActiveCfg = Release|Any CPU
		{B47C9B70-2295-428B-A006-E3AA9C08D8FD}.Release|Any CPU.Build.0 = Release|Any CPU
		{3E47B9D4-EA18-4F1B-9EEF-F586BB1A1F0D}.Debug|Any CPU.ActiveCfg = Debug|Any CPU
		{3E47B9D4-EA18-4F1B-9EEF-F586BB1A1F0D}.Debug|Any CPU.Build.0 = Debug|Any CPU
		{3E47B9D4-EA18-4F1B-9EEF-F586BB1A1F0D}.Release|Any CPU.ActiveCfg = Release|Any CPU
		{3E47B9D4-EA18-4F1B-9EEF-F586BB1A1F0D}.Release|Any CPU.Build.0 = Release|Any CPU
		{9C758FF2-1514-4250-BEBC-7A37CA20E8D9}.Debug|Any CPU.ActiveCfg = Debug|Any CPU
		{9C758FF2-1514-4250-BEBC-7A37CA20E8D9}.Debug|Any CPU.Build.0 = Debug|Any CPU
		{9C758FF2-1514-4250-BEBC-7A37CA20E8D9}.Release|Any CPU.ActiveCfg = Release|Any CPU
		{9C758FF2-1514-4250-BEBC-7A37CA20E8D9}.Release|Any CPU.Build.0 = Release|Any CPU
		{B533B775-1A38-4761-93B2-A50B49B0FBE2}.Debug|Any CPU.ActiveCfg = Debug|Any CPU
		{B533B775-1A38-4761-93B2-A50B49B0FBE2}.Debug|Any CPU.Build.0 = Debug|Any CPU
		{B533B775-1A38-4761-93B2-A50B49B0FBE2}.Release|Any CPU.ActiveCfg = Release|Any CPU
		{B533B775-1A38-4761-93B2-A50B49B0FBE2}.Release|Any CPU.Build.0 = Release|Any CPU
		{2C8C59F8-BC05-429D-9B0A-99F0E9E6F90D}.Debug|Any CPU.ActiveCfg = Debug|Any CPU
		{2C8C59F8-BC05-429D-9B0A-99F0E9E6F90D}.Debug|Any CPU.Build.0 = Debug|Any CPU
		{2C8C59F8-BC05-429D-9B0A-99F0E9E6F90D}.Release|Any CPU.ActiveCfg = Release|Any CPU
		{2C8C59F8-BC05-429D-9B0A-99F0E9E6F90D}.Release|Any CPU.Build.0 = Release|Any CPU
	EndGlobalSection
	GlobalSection(SolutionProperties) = preSolution
		HideSolutionNode = FALSE
	EndGlobalSection
	GlobalSection(ExtensibilityGlobals) = postSolution
		SolutionGuid = {B2F4A343-0A4B-492A-BDCC-39A187603B20}
	EndGlobalSection
EndGlobal
